
Microsoft Visual Studio Solution File, Format Version 12.00
# Visual Studio Version 17
VisualStudioVersion = 17.12.35527.113
MinimumVisualStudioVersion = 10.0.40219.1
Project("{2150E333-8FDC-42A3-9474-1A3956D46DE8}") = "src", "src", "{E691305A-FDC8-42A6-BB3F-EA281D1AD773}"
EndProject
Project("{FAE04EC0-301F-11D3-BF4B-00C04F79EFBC}") = "UserService.API", "src\UserService\UserService.API\UserService.API.csproj", "{CA58F958-B60E-4483-8FDA-E1563D46A1F2}"
EndProject
Project("{2150E333-8FDC-42A3-9474-1A3956D46DE8}") = "UserService", "UserService", "{BE9403B3-8108-4075-A4F1-81F135189559}"
EndProject
Project("{2150E333-8FDC-42A3-9474-1A3956D46DE8}") = "GameService", "GameService", "{82B774CD-B563-4EB6-B2DA-0F83D956F78E}"
EndProject
Project("{2150E333-8FDC-42A3-9474-1A3956D46DE8}") = "OrderService", "OrderService", "{5390E435-A68F-4879-873A-DE1D4E437735}"
EndProject
Project("{2150E333-8FDC-42A3-9474-1A3956D46DE8}") = "SupportService", "SupportService", "{9C4332E3-E079-4768-8E83-60DBB4BD4E5A}"
EndProject
Project("{FAE04EC0-301F-11D3-BF4B-00C04F79EFBC}") = "UserService.Application", "src\UserService\UserService.Application\UserService.Application.csproj", "{2A99CA32-EC8F-4DFE-B279-7A87D6FF39B2}"
EndProject
Project("{FAE04EC0-301F-11D3-BF4B-00C04F79EFBC}") = "UserService.Infrastructure", "src\UserService\UserService.Infrastructure\UserService.Infrastructure.csproj", "{BDB7198E-29D5-4F97-902A-F2A12E8B0FAA}"
EndProject
Project("{FAE04EC0-301F-11D3-BF4B-00C04F79EFBC}") = "UserService.Domain", "src\UserService\UserService.Domain\UserService.Domain.csproj", "{7619DE40-F015-4A92-9075-BC7EEB814DF7}"
EndProject
Project("{FAE04EC0-301F-11D3-BF4B-00C04F79EFBC}") = "GameService.API", "src\GameService\GameService.API\GameService.API.csproj", "{AED1AE39-363B-4D1A-A1D4-D6A342887FD2}"
EndProject
Project("{FAE04EC0-301F-11D3-BF4B-00C04F79EFBC}") = "GameService.Application", "src\GameService\GameService.Application\GameService.Application.csproj", "{FE66C26C-81AD-4A7E-B79E-54CD3CEC89BE}"
EndProject
Project("{FAE04EC0-301F-11D3-BF4B-00C04F79EFBC}") = "GameService.Infrastructure", "src\GameService\GameService.Infrastructure\GameService.Infrastructure.csproj", "{7D571286-34B0-420D-965D-CD45D59ECFC9}"
EndProject
Project("{FAE04EC0-301F-11D3-BF4B-00C04F79EFBC}") = "GameService.Domain", "src\GameService\GameService.Domain\GameService.Domain.csproj", "{F14EC1AE-D99F-4158-83B3-ECD9E2023731}"
EndProject
Project("{2150E333-8FDC-42A3-9474-1A3956D46DE8}") = "tests", "tests", "{6706AC5F-91B6-4179-9C14-EDBBBC28928B}"
EndProject
Project("{2150E333-8FDC-42A3-9474-1A3956D46DE8}") = "UserService", "UserService", "{EADFA37F-670E-451A-B7BF-8F07AA2C10DD}"
EndProject
Project("{2150E333-8FDC-42A3-9474-1A3956D46DE8}") = "OrderService", "OrderService", "{75D78820-8C14-4B5E-8278-BDD4DABB113F}"
EndProject
Project("{2150E333-8FDC-42A3-9474-1A3956D46DE8}") = "GameService", "GameService", "{28B26B3F-F9D0-44E7-A7A2-B1F92B8D9E33}"
EndProject
Project("{2150E333-8FDC-42A3-9474-1A3956D46DE8}") = "SupportService", "SupportService", "{A79DC0E7-4429-4D58-9AC2-913F18E4775E}"
EndProject
Project("{FAE04EC0-301F-11D3-BF4B-00C04F79EFBC}") = "UserService.Tests", "tests\UserService\UserService.Tests\UserService.Tests.csproj", "{F674591B-8159-4FC9-ABA9-64390C26455A}"
EndProject
Global
	GlobalSection(SolutionConfigurationPlatforms) = preSolution
		Debug|Any CPU = Debug|Any CPU
		Release|Any CPU = Release|Any CPU
	EndGlobalSection
	GlobalSection(ProjectConfigurationPlatforms) = postSolution
		{CA58F958-B60E-4483-8FDA-E1563D46A1F2}.Debug|Any CPU.ActiveCfg = Debug|Any CPU
		{CA58F958-B60E-4483-8FDA-E1563D46A1F2}.Debug|Any CPU.Build.0 = Debug|Any CPU
		{CA58F958-B60E-4483-8FDA-E1563D46A1F2}.Release|Any CPU.ActiveCfg = Release|Any CPU
		{CA58F958-B60E-4483-8FDA-E1563D46A1F2}.Release|Any CPU.Build.0 = Release|Any CPU
		{2A99CA32-EC8F-4DFE-B279-7A87D6FF39B2}.Debug|Any CPU.ActiveCfg = Debug|Any CPU
		{2A99CA32-EC8F-4DFE-B279-7A87D6FF39B2}.Debug|Any CPU.Build.0 = Debug|Any CPU
		{2A99CA32-EC8F-4DFE-B279-7A87D6FF39B2}.Release|Any CPU.ActiveCfg = Release|Any CPU
		{2A99CA32-EC8F-4DFE-B279-7A87D6FF39B2}.Release|Any CPU.Build.0 = Release|Any CPU
		{BDB7198E-29D5-4F97-902A-F2A12E8B0FAA}.Debug|Any CPU.ActiveCfg = Debug|Any CPU
		{BDB7198E-29D5-4F97-902A-F2A12E8B0FAA}.Debug|Any CPU.Build.0 = Debug|Any CPU
		{BDB7198E-29D5-4F97-902A-F2A12E8B0FAA}.Release|Any CPU.ActiveCfg = Release|Any CPU
		{BDB7198E-29D5-4F97-902A-F2A12E8B0FAA}.Release|Any CPU.Build.0 = Release|Any CPU
		{7619DE40-F015-4A92-9075-BC7EEB814DF7}.Debug|Any CPU.ActiveCfg = Debug|Any CPU
		{7619DE40-F015-4A92-9075-BC7EEB814DF7}.Debug|Any CPU.Build.0 = Debug|Any CPU
		{7619DE40-F015-4A92-9075-BC7EEB814DF7}.Release|Any CPU.ActiveCfg = Release|Any CPU
		{7619DE40-F015-4A92-9075-BC7EEB814DF7}.Release|Any CPU.Build.0 = Release|Any CPU
		{AED1AE39-363B-4D1A-A1D4-D6A342887FD2}.Debug|Any CPU.ActiveCfg = Debug|Any CPU
		{AED1AE39-363B-4D1A-A1D4-D6A342887FD2}.Debug|Any CPU.Build.0 = Debug|Any CPU
		{AED1AE39-363B-4D1A-A1D4-D6A342887FD2}.Release|Any CPU.ActiveCfg = Release|Any CPU
		{AED1AE39-363B-4D1A-A1D4-D6A342887FD2}.Release|Any CPU.Build.0 = Release|Any CPU
		{FE66C26C-81AD-4A7E-B79E-54CD3CEC89BE}.Debug|Any CPU.ActiveCfg = Debug|Any CPU
		{FE66C26C-81AD-4A7E-B79E-54CD3CEC89BE}.Debug|Any CPU.Build.0 = Debug|Any CPU
		{FE66C26C-81AD-4A7E-B79E-54CD3CEC89BE}.Release|Any CPU.ActiveCfg = Release|Any CPU
		{FE66C26C-81AD-4A7E-B79E-54CD3CEC89BE}.Release|Any CPU.Build.0 = Release|Any CPU
		{7D571286-34B0-420D-965D-CD45D59ECFC9}.Debug|Any CPU.ActiveCfg = Debug|Any CPU
		{7D571286-34B0-420D-965D-CD45D59ECFC9}.Debug|Any CPU.Build.0 = Debug|Any CPU
		{7D571286-34B0-420D-965D-CD45D59ECFC9}.Release|Any CPU.ActiveCfg = Release|Any CPU
		{7D571286-34B0-420D-965D-CD45D59ECFC9}.Release|Any CPU.Build.0 = Release|Any CPU
		{F14EC1AE-D99F-4158-83B3-ECD9E2023731}.Debug|Any CPU.ActiveCfg = Debug|Any CPU
		{F14EC1AE-D99F-4158-83B3-ECD9E2023731}.Debug|Any CPU.Build.0 = Debug|Any CPU
		{F14EC1AE-D99F-4158-83B3-ECD9E2023731}.Release|Any CPU.ActiveCfg = Release|Any CPU
		{F14EC1AE-D99F-4158-83B3-ECD9E2023731}.Release|Any CPU.Build.0 = Release|Any CPU
		{F674591B-8159-4FC9-ABA9-64390C26455A}.Debug|Any CPU.ActiveCfg = Debug|Any CPU
		{F674591B-8159-4FC9-ABA9-64390C26455A}.Debug|Any CPU.Build.0 = Debug|Any CPU
		{F674591B-8159-4FC9-ABA9-64390C26455A}.Release|Any CPU.ActiveCfg = Release|Any CPU
		{F674591B-8159-4FC9-ABA9-64390C26455A}.Release|Any CPU.Build.0 = Release|Any CPU
	EndGlobalSection
	GlobalSection(SolutionProperties) = preSolution
		HideSolutionNode = FALSE
	EndGlobalSection
	GlobalSection(NestedProjects) = preSolution
		{CA58F958-B60E-4483-8FDA-E1563D46A1F2} = {BE9403B3-8108-4075-A4F1-81F135189559}
		{BE9403B3-8108-4075-A4F1-81F135189559} = {E691305A-FDC8-42A6-BB3F-EA281D1AD773}
		{82B774CD-B563-4EB6-B2DA-0F83D956F78E} = {E691305A-FDC8-42A6-BB3F-EA281D1AD773}
		{5390E435-A68F-4879-873A-DE1D4E437735} = {E691305A-FDC8-42A6-BB3F-EA281D1AD773}
		{9C4332E3-E079-4768-8E83-60DBB4BD4E5A} = {E691305A-FDC8-42A6-BB3F-EA281D1AD773}
		{2A99CA32-EC8F-4DFE-B279-7A87D6FF39B2} = {BE9403B3-8108-4075-A4F1-81F135189559}
		{BDB7198E-29D5-4F97-902A-F2A12E8B0FAA} = {BE9403B3-8108-4075-A4F1-81F135189559}
		{7619DE40-F015-4A92-9075-BC7EEB814DF7} = {BE9403B3-8108-4075-A4F1-81F135189559}
		{AED1AE39-363B-4D1A-A1D4-D6A342887FD2} = {82B774CD-B563-4EB6-B2DA-0F83D956F78E}
		{FE66C26C-81AD-4A7E-B79E-54CD3CEC89BE} = {82B774CD-B563-4EB6-B2DA-0F83D956F78E}
		{7D571286-34B0-420D-965D-CD45D59ECFC9} = {82B774CD-B563-4EB6-B2DA-0F83D956F78E}
		{F14EC1AE-D99F-4158-83B3-ECD9E2023731} = {82B774CD-B563-4EB6-B2DA-0F83D956F78E}
		{EADFA37F-670E-451A-B7BF-8F07AA2C10DD} = {6706AC5F-91B6-4179-9C14-EDBBBC28928B}
		{75D78820-8C14-4B5E-8278-BDD4DABB113F} = {6706AC5F-91B6-4179-9C14-EDBBBC28928B}
		{28B26B3F-F9D0-44E7-A7A2-B1F92B8D9E33} = {6706AC5F-91B6-4179-9C14-EDBBBC28928B}
		{A79DC0E7-4429-4D58-9AC2-913F18E4775E} = {6706AC5F-91B6-4179-9C14-EDBBBC28928B}
		{F674591B-8159-4FC9-ABA9-64390C26455A} = {EADFA37F-670E-451A-B7BF-8F07AA2C10DD}
	EndGlobalSection
EndGlobal
